// !$*UTF8*$!
{
	archiveVersion = 1;
	classes = {
	};
	objectVersion = 56;
	objects = {

/* Begin PBXBuildFile section */
		FA15AB872ACE6E70009E87F3 /* AppDelegate.swift in Sources */ = {isa = PBXBuildFile; fileRef = FA15AB862ACE6E70009E87F3 /* AppDelegate.swift */; };
		FA15AB892ACE6E70009E87F3 /* SceneDelegate.swift in Sources */ = {isa = PBXBuildFile; fileRef = FA15AB882ACE6E70009E87F3 /* SceneDelegate.swift */; };
		FA15AB8E2ACE6E70009E87F3 /* Main.storyboard in Resources */ = {isa = PBXBuildFile; fileRef = FA15AB8C2ACE6E70009E87F3 /* Main.storyboard */; };
		FA15AB902ACE6E71009E87F3 /* Assets.xcassets in Resources */ = {isa = PBXBuildFile; fileRef = FA15AB8F2ACE6E71009E87F3 /* Assets.xcassets */; };
		FA15AB932ACE6E71009E87F3 /* LaunchScreen.storyboard in Resources */ = {isa = PBXBuildFile; fileRef = FA15AB912ACE6E71009E87F3 /* LaunchScreen.storyboard */; };
		FA15ABA12ACE6F74009E87F3 /* MainTabController.swift in Sources */ = {isa = PBXBuildFile; fileRef = FA15ABA02ACE6F74009E87F3 /* MainTabController.swift */; };
		FA15ABA32ACE7229009E87F3 /* FeedController.swift in Sources */ = {isa = PBXBuildFile; fileRef = FA15ABA22ACE7229009E87F3 /* FeedController.swift */; };
		FA15ABA52ACE727F009E87F3 /* ExploreController.swift in Sources */ = {isa = PBXBuildFile; fileRef = FA15ABA42ACE727F009E87F3 /* ExploreController.swift */; };
		FA15ABA72ACE7291009E87F3 /* NotificationController.swift in Sources */ = {isa = PBXBuildFile; fileRef = FA15ABA62ACE7291009E87F3 /* NotificationController.swift */; };
		FA15ABA92ACE72A3009E87F3 /* ConversationController.swift in Sources */ = {isa = PBXBuildFile; fileRef = FA15ABA82ACE72A3009E87F3 /* ConversationController.swift */; };
		FA15ABAB2ACE8282009E87F3 /* Extensions.swift in Sources */ = {isa = PBXBuildFile; fileRef = FA15ABAA2ACE8282009E87F3 /* Extensions.swift */; };
		FA15ABAE2ACE8AF7009E87F3 /* LoginController.swift in Sources */ = {isa = PBXBuildFile; fileRef = FA15ABAD2ACE8AF7009E87F3 /* LoginController.swift */; };
		FA15ABB12ACE8B61009E87F3 /* RegistrationController.swift in Sources */ = {isa = PBXBuildFile; fileRef = FA15ABB02ACE8B61009E87F3 /* RegistrationController.swift */; };
		FA15ABB32ACE98BA009E87F3 /* Utilities.swift in Sources */ = {isa = PBXBuildFile; fileRef = FA15ABB22ACE98BA009E87F3 /* Utilities.swift */; };
		FA15ABB82ACFD0E4009E87F3 /* FirebaseAnalytics in Frameworks */ = {isa = PBXBuildFile; productRef = FA15ABB72ACFD0E4009E87F3 /* FirebaseAnalytics */; };
		FA15ABBA2ACFD0E4009E87F3 /* FirebaseAnalyticsOnDeviceConversion in Frameworks */ = {isa = PBXBuildFile; productRef = FA15ABB92ACFD0E4009E87F3 /* FirebaseAnalyticsOnDeviceConversion */; };
		FA15ABBC2ACFD0E4009E87F3 /* FirebaseAnalyticsSwift in Frameworks */ = {isa = PBXBuildFile; productRef = FA15ABBB2ACFD0E4009E87F3 /* FirebaseAnalyticsSwift */; };
		FA15ABBE2ACFD0E4009E87F3 /* FirebaseAnalyticsWithoutAdIdSupport in Frameworks */ = {isa = PBXBuildFile; productRef = FA15ABBD2ACFD0E4009E87F3 /* FirebaseAnalyticsWithoutAdIdSupport */; };
		FA15ABC02ACFD0E4009E87F3 /* FirebaseAppCheck in Frameworks */ = {isa = PBXBuildFile; productRef = FA15ABBF2ACFD0E4009E87F3 /* FirebaseAppCheck */; };
		FA15ABC22ACFD0E4009E87F3 /* FirebaseAppDistribution-Beta in Frameworks */ = {isa = PBXBuildFile; productRef = FA15ABC12ACFD0E4009E87F3 /* FirebaseAppDistribution-Beta */; };
		FA15ABC42ACFD0E4009E87F3 /* FirebaseAuth in Frameworks */ = {isa = PBXBuildFile; productRef = FA15ABC32ACFD0E4009E87F3 /* FirebaseAuth */; };
		FA15ABC62ACFD0E4009E87F3 /* FirebaseAuthCombine-Community in Frameworks */ = {isa = PBXBuildFile; productRef = FA15ABC52ACFD0E4009E87F3 /* FirebaseAuthCombine-Community */; };
		FA15ABC82ACFD0E4009E87F3 /* FirebaseCrashlytics in Frameworks */ = {isa = PBXBuildFile; productRef = FA15ABC72ACFD0E4009E87F3 /* FirebaseCrashlytics */; };
		FA15ABCA2ACFD0E4009E87F3 /* FirebaseDatabase in Frameworks */ = {isa = PBXBuildFile; productRef = FA15ABC92ACFD0E4009E87F3 /* FirebaseDatabase */; };
		FA15ABCC2ACFD0E4009E87F3 /* FirebaseDatabaseSwift in Frameworks */ = {isa = PBXBuildFile; productRef = FA15ABCB2ACFD0E4009E87F3 /* FirebaseDatabaseSwift */; };
		FA15ABCE2ACFD0E4009E87F3 /* FirebaseDynamicLinks in Frameworks */ = {isa = PBXBuildFile; productRef = FA15ABCD2ACFD0E4009E87F3 /* FirebaseDynamicLinks */; };
		FA15ABD02ACFD0E4009E87F3 /* FirebaseFirestore in Frameworks */ = {isa = PBXBuildFile; productRef = FA15ABCF2ACFD0E4009E87F3 /* FirebaseFirestore */; };
		FA15ABD22ACFD0E4009E87F3 /* FirebaseFirestoreCombine-Community in Frameworks */ = {isa = PBXBuildFile; productRef = FA15ABD12ACFD0E4009E87F3 /* FirebaseFirestoreCombine-Community */; };
		FA15ABD42ACFD0E4009E87F3 /* FirebaseFirestoreSwift in Frameworks */ = {isa = PBXBuildFile; productRef = FA15ABD32ACFD0E4009E87F3 /* FirebaseFirestoreSwift */; };
		FA15ABD62ACFD0E4009E87F3 /* FirebaseFunctions in Frameworks */ = {isa = PBXBuildFile; productRef = FA15ABD52ACFD0E4009E87F3 /* FirebaseFunctions */; };
		FA15ABD82ACFD0E4009E87F3 /* FirebaseFunctionsCombine-Community in Frameworks */ = {isa = PBXBuildFile; productRef = FA15ABD72ACFD0E4009E87F3 /* FirebaseFunctionsCombine-Community */; };
		FA15ABDA2ACFD0E4009E87F3 /* FirebaseInAppMessaging-Beta in Frameworks */ = {isa = PBXBuildFile; productRef = FA15ABD92ACFD0E4009E87F3 /* FirebaseInAppMessaging-Beta */; };
		FA15ABDC2ACFD0E4009E87F3 /* FirebaseInAppMessagingSwift-Beta in Frameworks */ = {isa = PBXBuildFile; productRef = FA15ABDB2ACFD0E4009E87F3 /* FirebaseInAppMessagingSwift-Beta */; };
		FA15ABDE2ACFD0E4009E87F3 /* FirebaseInstallations in Frameworks */ = {isa = PBXBuildFile; productRef = FA15ABDD2ACFD0E4009E87F3 /* FirebaseInstallations */; };
		FA15ABE02ACFD0E4009E87F3 /* FirebaseMLModelDownloader in Frameworks */ = {isa = PBXBuildFile; productRef = FA15ABDF2ACFD0E4009E87F3 /* FirebaseMLModelDownloader */; };
		FA15ABE22ACFD0E4009E87F3 /* FirebaseMessaging in Frameworks */ = {isa = PBXBuildFile; productRef = FA15ABE12ACFD0E4009E87F3 /* FirebaseMessaging */; };
		FA15ABE42ACFD0E4009E87F3 /* FirebasePerformance in Frameworks */ = {isa = PBXBuildFile; productRef = FA15ABE32ACFD0E4009E87F3 /* FirebasePerformance */; };
		FA15ABE62ACFD0E4009E87F3 /* FirebaseRemoteConfig in Frameworks */ = {isa = PBXBuildFile; productRef = FA15ABE52ACFD0E4009E87F3 /* FirebaseRemoteConfig */; };
		FA15ABE82ACFD0E4009E87F3 /* FirebaseRemoteConfigSwift in Frameworks */ = {isa = PBXBuildFile; productRef = FA15ABE72ACFD0E4009E87F3 /* FirebaseRemoteConfigSwift */; };
		FA15ABEA2ACFD0E4009E87F3 /* FirebaseStorage in Frameworks */ = {isa = PBXBuildFile; productRef = FA15ABE92ACFD0E4009E87F3 /* FirebaseStorage */; };
		FA15ABEC2ACFD0E4009E87F3 /* FirebaseStorageCombine-Community in Frameworks */ = {isa = PBXBuildFile; productRef = FA15ABEB2ACFD0E4009E87F3 /* FirebaseStorageCombine-Community */; };
		FA7E45E02AD523C30007747F /* GoogleService-Info.plist in Resources */ = {isa = PBXBuildFile; fileRef = FA7E45DF2AD523C30007747F /* GoogleService-Info.plist */; };
		FA7E45E22AD5253A0007747F /* AuthService.swift in Sources */ = {isa = PBXBuildFile; fileRef = FA7E45E12AD5253A0007747F /* AuthService.swift */; };
		FAAA48F12ACFFCA200A13AF1 /* Constants.swift in Sources */ = {isa = PBXBuildFile; fileRef = FAAA48F02ACFFCA200A13AF1 /* Constants.swift */; };
		FAAA48F32AD0009F00A13AF1 /* FirebaseAnalytics in Frameworks */ = {isa = PBXBuildFile; productRef = FAAA48F22AD0009F00A13AF1 /* FirebaseAnalytics */; };
		FAAA48F52AD0009F00A13AF1 /* FirebaseAnalyticsOnDeviceConversion in Frameworks */ = {isa = PBXBuildFile; productRef = FAAA48F42AD0009F00A13AF1 /* FirebaseAnalyticsOnDeviceConversion */; };
		FAAA48F72AD0009F00A13AF1 /* FirebaseAnalyticsSwift in Frameworks */ = {isa = PBXBuildFile; productRef = FAAA48F62AD0009F00A13AF1 /* FirebaseAnalyticsSwift */; };
		FAAA48F92AD0009F00A13AF1 /* FirebaseAnalyticsWithoutAdIdSupport in Frameworks */ = {isa = PBXBuildFile; productRef = FAAA48F82AD0009F00A13AF1 /* FirebaseAnalyticsWithoutAdIdSupport */; };
		FAAA48FB2AD0009F00A13AF1 /* FirebaseAppCheck in Frameworks */ = {isa = PBXBuildFile; productRef = FAAA48FA2AD0009F00A13AF1 /* FirebaseAppCheck */; };
		FAAA48FD2AD0009F00A13AF1 /* FirebaseAppDistribution-Beta in Frameworks */ = {isa = PBXBuildFile; productRef = FAAA48FC2AD0009F00A13AF1 /* FirebaseAppDistribution-Beta */; };
		FAAA48FF2AD0009F00A13AF1 /* FirebaseAuth in Frameworks */ = {isa = PBXBuildFile; productRef = FAAA48FE2AD0009F00A13AF1 /* FirebaseAuth */; };
		FAAA49012AD0009F00A13AF1 /* FirebaseAuthCombine-Community in Frameworks */ = {isa = PBXBuildFile; productRef = FAAA49002AD0009F00A13AF1 /* FirebaseAuthCombine-Community */; };
		FAAA49032AD0009F00A13AF1 /* FirebaseCrashlytics in Frameworks */ = {isa = PBXBuildFile; productRef = FAAA49022AD0009F00A13AF1 /* FirebaseCrashlytics */; };
		FAAA49052AD0009F00A13AF1 /* FirebaseDatabase in Frameworks */ = {isa = PBXBuildFile; productRef = FAAA49042AD0009F00A13AF1 /* FirebaseDatabase */; };
		FAAA49072AD0009F00A13AF1 /* FirebaseDatabaseSwift in Frameworks */ = {isa = PBXBuildFile; productRef = FAAA49062AD0009F00A13AF1 /* FirebaseDatabaseSwift */; };
		FAAA49092AD0009F00A13AF1 /* FirebaseDynamicLinks in Frameworks */ = {isa = PBXBuildFile; productRef = FAAA49082AD0009F00A13AF1 /* FirebaseDynamicLinks */; };
		FAAA490B2AD0009F00A13AF1 /* FirebaseFirestore in Frameworks */ = {isa = PBXBuildFile; productRef = FAAA490A2AD0009F00A13AF1 /* FirebaseFirestore */; };
		FAAA490D2AD0009F00A13AF1 /* FirebaseFirestoreCombine-Community in Frameworks */ = {isa = PBXBuildFile; productRef = FAAA490C2AD0009F00A13AF1 /* FirebaseFirestoreCombine-Community */; };
		FAAA490F2AD0009F00A13AF1 /* FirebaseFirestoreSwift in Frameworks */ = {isa = PBXBuildFile; productRef = FAAA490E2AD0009F00A13AF1 /* FirebaseFirestoreSwift */; };
		FAAA49112AD0009F00A13AF1 /* FirebaseFunctions in Frameworks */ = {isa = PBXBuildFile; productRef = FAAA49102AD0009F00A13AF1 /* FirebaseFunctions */; };
		FAAA49132AD0009F00A13AF1 /* FirebaseFunctionsCombine-Community in Frameworks */ = {isa = PBXBuildFile; productRef = FAAA49122AD0009F00A13AF1 /* FirebaseFunctionsCombine-Community */; };
		FAAA49152AD0009F00A13AF1 /* FirebaseInAppMessaging-Beta in Frameworks */ = {isa = PBXBuildFile; productRef = FAAA49142AD0009F00A13AF1 /* FirebaseInAppMessaging-Beta */; };
		FAAA49172AD0009F00A13AF1 /* FirebaseInAppMessagingSwift-Beta in Frameworks */ = {isa = PBXBuildFile; productRef = FAAA49162AD0009F00A13AF1 /* FirebaseInAppMessagingSwift-Beta */; };
		FAAA49192AD0009F00A13AF1 /* FirebaseInstallations in Frameworks */ = {isa = PBXBuildFile; productRef = FAAA49182AD0009F00A13AF1 /* FirebaseInstallations */; };
		FAAA491B2AD0009F00A13AF1 /* FirebaseMLModelDownloader in Frameworks */ = {isa = PBXBuildFile; productRef = FAAA491A2AD0009F00A13AF1 /* FirebaseMLModelDownloader */; };
		FAAA491D2AD0009F00A13AF1 /* FirebaseMessaging in Frameworks */ = {isa = PBXBuildFile; productRef = FAAA491C2AD0009F00A13AF1 /* FirebaseMessaging */; };
		FAAA491F2AD0009F00A13AF1 /* FirebasePerformance in Frameworks */ = {isa = PBXBuildFile; productRef = FAAA491E2AD0009F00A13AF1 /* FirebasePerformance */; };
		FAAA49212AD0009F00A13AF1 /* FirebaseRemoteConfig in Frameworks */ = {isa = PBXBuildFile; productRef = FAAA49202AD0009F00A13AF1 /* FirebaseRemoteConfig */; };
		FAAA49232AD0009F00A13AF1 /* FirebaseRemoteConfigSwift in Frameworks */ = {isa = PBXBuildFile; productRef = FAAA49222AD0009F00A13AF1 /* FirebaseRemoteConfigSwift */; };
		FAAA49252AD0009F00A13AF1 /* FirebaseStorage in Frameworks */ = {isa = PBXBuildFile; productRef = FAAA49242AD0009F00A13AF1 /* FirebaseStorage */; };
		FAAA49272AD0009F00A13AF1 /* FirebaseStorageCombine-Community in Frameworks */ = {isa = PBXBuildFile; productRef = FAAA49262AD0009F00A13AF1 /* FirebaseStorageCombine-Community */; };
/* End PBXBuildFile section */

/* Begin PBXFileReference section */
		FA15AB832ACE6E70009E87F3 /* Vwitter.app */ = {isa = PBXFileReference; explicitFileType = wrapper.application; includeInIndex = 0; path = Vwitter.app; sourceTree = BUILT_PRODUCTS_DIR; };
		FA15AB862ACE6E70009E87F3 /* AppDelegate.swift */ = {isa = PBXFileReference; lastKnownFileType = sourcecode.swift; path = AppDelegate.swift; sourceTree = "<group>"; };
		FA15AB882ACE6E70009E87F3 /* SceneDelegate.swift */ = {isa = PBXFileReference; lastKnownFileType = sourcecode.swift; path = SceneDelegate.swift; sourceTree = "<group>"; };
		FA15AB8D2ACE6E70009E87F3 /* Base */ = {isa = PBXFileReference; lastKnownFileType = file.storyboard; name = Base; path = Base.lproj/Main.storyboard; sourceTree = "<group>"; };
		FA15AB8F2ACE6E71009E87F3 /* Assets.xcassets */ = {isa = PBXFileReference; lastKnownFileType = folder.assetcatalog; path = Assets.xcassets; sourceTree = "<group>"; };
		FA15AB922ACE6E71009E87F3 /* Base */ = {isa = PBXFileReference; lastKnownFileType = file.storyboard; name = Base; path = Base.lproj/LaunchScreen.storyboard; sourceTree = "<group>"; };
		FA15AB942ACE6E71009E87F3 /* Info.plist */ = {isa = PBXFileReference; lastKnownFileType = text.plist.xml; path = Info.plist; sourceTree = "<group>"; };
		FA15ABA02ACE6F74009E87F3 /* MainTabController.swift */ = {isa = PBXFileReference; lastKnownFileType = sourcecode.swift; path = MainTabController.swift; sourceTree = "<group>"; };
		FA15ABA22ACE7229009E87F3 /* FeedController.swift */ = {isa = PBXFileReference; lastKnownFileType = sourcecode.swift; path = FeedController.swift; sourceTree = "<group>"; };
		FA15ABA42ACE727F009E87F3 /* ExploreController.swift */ = {isa = PBXFileReference; lastKnownFileType = sourcecode.swift; path = ExploreController.swift; sourceTree = "<group>"; };
		FA15ABA62ACE7291009E87F3 /* NotificationController.swift */ = {isa = PBXFileReference; lastKnownFileType = sourcecode.swift; path = NotificationController.swift; sourceTree = "<group>"; };
		FA15ABA82ACE72A3009E87F3 /* ConversationController.swift */ = {isa = PBXFileReference; lastKnownFileType = sourcecode.swift; path = ConversationController.swift; sourceTree = "<group>"; };
		FA15ABAA2ACE8282009E87F3 /* Extensions.swift */ = {isa = PBXFileReference; lastKnownFileType = sourcecode.swift; path = Extensions.swift; sourceTree = "<group>"; };
		FA15ABAD2ACE8AF7009E87F3 /* LoginController.swift */ = {isa = PBXFileReference; lastKnownFileType = sourcecode.swift; path = LoginController.swift; sourceTree = "<group>"; };
		FA15ABB02ACE8B61009E87F3 /* RegistrationController.swift */ = {isa = PBXFileReference; lastKnownFileType = sourcecode.swift; path = RegistrationController.swift; sourceTree = "<group>"; };
		FA15ABB22ACE98BA009E87F3 /* Utilities.swift */ = {isa = PBXFileReference; lastKnownFileType = sourcecode.swift; path = Utilities.swift; sourceTree = "<group>"; };
		FA7E45DF2AD523C30007747F /* GoogleService-Info.plist */ = {isa = PBXFileReference; fileEncoding = 4; lastKnownFileType = text.plist.xml; path = "GoogleService-Info.plist"; sourceTree = "<group>"; };
		FA7E45E12AD5253A0007747F /* AuthService.swift */ = {isa = PBXFileReference; lastKnownFileType = sourcecode.swift; path = AuthService.swift; sourceTree = "<group>"; };
		FAAA48F02ACFFCA200A13AF1 /* Constants.swift */ = {isa = PBXFileReference; lastKnownFileType = sourcecode.swift; path = Constants.swift; sourceTree = "<group>"; };
/* End PBXFileReference section */

/* Begin PBXFrameworksBuildPhase section */
		FA15AB802ACE6E70009E87F3 /* Frameworks */ = {
			isa = PBXFrameworksBuildPhase;
			buildActionMask = 2147483647;
			files = (
				FA15ABCA2ACFD0E4009E87F3 /* FirebaseDatabase in Frameworks */,
				FA15ABD82ACFD0E4009E87F3 /* FirebaseFunctionsCombine-Community in Frameworks */,
				FA15ABD02ACFD0E4009E87F3 /* FirebaseFirestore in Frameworks */,
				FAAA491B2AD0009F00A13AF1 /* FirebaseMLModelDownloader in Frameworks */,
				FA15ABBC2ACFD0E4009E87F3 /* FirebaseAnalyticsSwift in Frameworks */,
				FAAA49172AD0009F00A13AF1 /* FirebaseInAppMessagingSwift-Beta in Frameworks */,
				FA15ABB82ACFD0E4009E87F3 /* FirebaseAnalytics in Frameworks */,
				FA15ABBA2ACFD0E4009E87F3 /* FirebaseAnalyticsOnDeviceConversion in Frameworks */,
				FA15ABE02ACFD0E4009E87F3 /* FirebaseMLModelDownloader in Frameworks */,
				FA15ABD42ACFD0E4009E87F3 /* FirebaseFirestoreSwift in Frameworks */,
				FA15ABC02ACFD0E4009E87F3 /* FirebaseAppCheck in Frameworks */,
				FA15ABBE2ACFD0E4009E87F3 /* FirebaseAnalyticsWithoutAdIdSupport in Frameworks */,
				FAAA49192AD0009F00A13AF1 /* FirebaseInstallations in Frameworks */,
				FA15ABC42ACFD0E4009E87F3 /* FirebaseAuth in Frameworks */,
				FA15ABC82ACFD0E4009E87F3 /* FirebaseCrashlytics in Frameworks */,
				FA15ABE82ACFD0E4009E87F3 /* FirebaseRemoteConfigSwift in Frameworks */,
				FAAA49272AD0009F00A13AF1 /* FirebaseStorageCombine-Community in Frameworks */,
				FAAA490B2AD0009F00A13AF1 /* FirebaseFirestore in Frameworks */,
				FAAA48F52AD0009F00A13AF1 /* FirebaseAnalyticsOnDeviceConversion in Frameworks */,
				FA15ABDA2ACFD0E4009E87F3 /* FirebaseInAppMessaging-Beta in Frameworks */,
				FAAA48F32AD0009F00A13AF1 /* FirebaseAnalytics in Frameworks */,
				FAAA490F2AD0009F00A13AF1 /* FirebaseFirestoreSwift in Frameworks */,
				FAAA49212AD0009F00A13AF1 /* FirebaseRemoteConfig in Frameworks */,
				FAAA48FB2AD0009F00A13AF1 /* FirebaseAppCheck in Frameworks */,
				FAAA48F92AD0009F00A13AF1 /* FirebaseAnalyticsWithoutAdIdSupport in Frameworks */,
				FAAA49252AD0009F00A13AF1 /* FirebaseStorage in Frameworks */,
				FA15ABCC2ACFD0E4009E87F3 /* FirebaseDatabaseSwift in Frameworks */,
				FAAA49232AD0009F00A13AF1 /* FirebaseRemoteConfigSwift in Frameworks */,
				FAAA49012AD0009F00A13AF1 /* FirebaseAuthCombine-Community in Frameworks */,
				FAAA48FF2AD0009F00A13AF1 /* FirebaseAuth in Frameworks */,
				FA15ABD62ACFD0E4009E87F3 /* FirebaseFunctions in Frameworks */,
				FAAA48FD2AD0009F00A13AF1 /* FirebaseAppDistribution-Beta in Frameworks */,
				FA15ABEC2ACFD0E4009E87F3 /* FirebaseStorageCombine-Community in Frameworks */,
				FA15ABE62ACFD0E4009E87F3 /* FirebaseRemoteConfig in Frameworks */,
				FA15ABC22ACFD0E4009E87F3 /* FirebaseAppDistribution-Beta in Frameworks */,
				FA15ABC62ACFD0E4009E87F3 /* FirebaseAuthCombine-Community in Frameworks */,
				FAAA49152AD0009F00A13AF1 /* FirebaseInAppMessaging-Beta in Frameworks */,
				FA15ABE42ACFD0E4009E87F3 /* FirebasePerformance in Frameworks */,
				FA15ABDC2ACFD0E4009E87F3 /* FirebaseInAppMessagingSwift-Beta in Frameworks */,
				FAAA49132AD0009F00A13AF1 /* FirebaseFunctionsCombine-Community in Frameworks */,
				FAAA49052AD0009F00A13AF1 /* FirebaseDatabase in Frameworks */,
				FAAA491D2AD0009F00A13AF1 /* FirebaseMessaging in Frameworks */,
				FAAA48F72AD0009F00A13AF1 /* FirebaseAnalyticsSwift in Frameworks */,
				FAAA49112AD0009F00A13AF1 /* FirebaseFunctions in Frameworks */,
				FA15ABEA2ACFD0E4009E87F3 /* FirebaseStorage in Frameworks */,
				FAAA49072AD0009F00A13AF1 /* FirebaseDatabaseSwift in Frameworks */,
				FAAA491F2AD0009F00A13AF1 /* FirebasePerformance in Frameworks */,
				FA15ABCE2ACFD0E4009E87F3 /* FirebaseDynamicLinks in Frameworks */,
				FA15ABD22ACFD0E4009E87F3 /* FirebaseFirestoreCombine-Community in Frameworks */,
				FAAA49032AD0009F00A13AF1 /* FirebaseCrashlytics in Frameworks */,
				FA15ABE22ACFD0E4009E87F3 /* FirebaseMessaging in Frameworks */,
				FA15ABDE2ACFD0E4009E87F3 /* FirebaseInstallations in Frameworks */,
				FAAA490D2AD0009F00A13AF1 /* FirebaseFirestoreCombine-Community in Frameworks */,
				FAAA49092AD0009F00A13AF1 /* FirebaseDynamicLinks in Frameworks */,
			);
			runOnlyForDeploymentPostprocessing = 0;
		};
/* End PBXFrameworksBuildPhase section */

/* Begin PBXGroup section */
		FA15AB7A2ACE6E70009E87F3 = {
			isa = PBXGroup;
			children = (
				FA15AB852ACE6E70009E87F3 /* Vwitter */,
				FA15AB842ACE6E70009E87F3 /* Products */,
			);
			sourceTree = "<group>";
		};
		FA15AB842ACE6E70009E87F3 /* Products */ = {
			isa = PBXGroup;
			children = (
				FA15AB832ACE6E70009E87F3 /* Vwitter.app */,
			);
			name = Products;
			sourceTree = "<group>";
		};
		FA15AB852ACE6E70009E87F3 /* Vwitter */ = {
			isa = PBXGroup;
			children = (
				FA15AB9E2ACE6EB5009E87F3 /* Model */,
				FA15AB9D2ACE6EB3009E87F3 /* View */,
				FA15AB9C2ACE6EB1009E87F3 /* ViewModel */,
				FA15AB9B2ACE6EAF009E87F3 /* Controller */,
				FA15AB9A2ACE6EA6009E87F3 /* API */,
				FA15AB9F2ACE6ECF009E87F3 /* Utils */,
				FA15AB862ACE6E70009E87F3 /* AppDelegate.swift */,
				FA15AB882ACE6E70009E87F3 /* SceneDelegate.swift */,
				FA15AB8C2ACE6E70009E87F3 /* Main.storyboard */,
				FA15AB8F2ACE6E71009E87F3 /* Assets.xcassets */,
				FA15AB912ACE6E71009E87F3 /* LaunchScreen.storyboard */,
				FA15AB942ACE6E71009E87F3 /* Info.plist */,
				FA7E45DF2AD523C30007747F /* GoogleService-Info.plist */,
			);
			path = Vwitter;
			sourceTree = "<group>";
		};
		FA15AB9A2ACE6EA6009E87F3 /* API */ = {
			isa = PBXGroup;
			children = (
				FA7E45E12AD5253A0007747F /* AuthService.swift */,
			);
			path = API;
			sourceTree = "<group>";
		};
		FA15AB9B2ACE6EAF009E87F3 /* Controller */ = {
			isa = PBXGroup;
			children = (
				FA15ABAC2ACE8ACF009E87F3 /* Authentication */,
				FA15ABA02ACE6F74009E87F3 /* MainTabController.swift */,
				FA15ABA22ACE7229009E87F3 /* FeedController.swift */,
				FA15ABA42ACE727F009E87F3 /* ExploreController.swift */,
				FA15ABA62ACE7291009E87F3 /* NotificationController.swift */,
				FA15ABA82ACE72A3009E87F3 /* ConversationController.swift */,
			);
			path = Controller;
			sourceTree = "<group>";
		};
		FA15AB9C2ACE6EB1009E87F3 /* ViewModel */ = {
			isa = PBXGroup;
			children = (
			);
			path = ViewModel;
			sourceTree = "<group>";
		};
		FA15AB9D2ACE6EB3009E87F3 /* View */ = {
			isa = PBXGroup;
			children = (
			);
			path = View;
			sourceTree = "<group>";
		};
		FA15AB9E2ACE6EB5009E87F3 /* Model */ = {
			isa = PBXGroup;
			children = (
			);
			path = Model;
			sourceTree = "<group>";
		};
		FA15AB9F2ACE6ECF009E87F3 /* Utils */ = {
			isa = PBXGroup;
			children = (
				FA15ABAA2ACE8282009E87F3 /* Extensions.swift */,
				FA15ABB22ACE98BA009E87F3 /* Utilities.swift */,
				FAAA48F02ACFFCA200A13AF1 /* Constants.swift */,
			);
			path = Utils;
			sourceTree = "<group>";
		};
		FA15ABAC2ACE8ACF009E87F3 /* Authentication */ = {
			isa = PBXGroup;
			children = (
				FA15ABAD2ACE8AF7009E87F3 /* LoginController.swift */,
				FA15ABB02ACE8B61009E87F3 /* RegistrationController.swift */,
			);
			path = Authentication;
			sourceTree = "<group>";
		};
/* End PBXGroup section */

/* Begin PBXNativeTarget section */
		FA15AB822ACE6E70009E87F3 /* Vwitter */ = {
			isa = PBXNativeTarget;
			buildConfigurationList = FA15AB972ACE6E71009E87F3 /* Build configuration list for PBXNativeTarget "Vwitter" */;
			buildPhases = (
				FA15AB7F2ACE6E70009E87F3 /* Sources */,
				FA15AB802ACE6E70009E87F3 /* Frameworks */,
				FA15AB812ACE6E70009E87F3 /* Resources */,
			);
			buildRules = (
			);
			dependencies = (
			);
			name = Vwitter;
			packageProductDependencies = (
				FA15ABB72ACFD0E4009E87F3 /* FirebaseAnalytics */,
				FA15ABB92ACFD0E4009E87F3 /* FirebaseAnalyticsOnDeviceConversion */,
				FA15ABBB2ACFD0E4009E87F3 /* FirebaseAnalyticsSwift */,
				FA15ABBD2ACFD0E4009E87F3 /* FirebaseAnalyticsWithoutAdIdSupport */,
				FA15ABBF2ACFD0E4009E87F3 /* FirebaseAppCheck */,
				FA15ABC12ACFD0E4009E87F3 /* FirebaseAppDistribution-Beta */,
				FA15ABC32ACFD0E4009E87F3 /* FirebaseAuth */,
				FA15ABC52ACFD0E4009E87F3 /* FirebaseAuthCombine-Community */,
				FA15ABC72ACFD0E4009E87F3 /* FirebaseCrashlytics */,
				FA15ABC92ACFD0E4009E87F3 /* FirebaseDatabase */,
				FA15ABCB2ACFD0E4009E87F3 /* FirebaseDatabaseSwift */,
				FA15ABCD2ACFD0E4009E87F3 /* FirebaseDynamicLinks */,
				FA15ABCF2ACFD0E4009E87F3 /* FirebaseFirestore */,
				FA15ABD12ACFD0E4009E87F3 /* FirebaseFirestoreCombine-Community */,
				FA15ABD32ACFD0E4009E87F3 /* FirebaseFirestoreSwift */,
				FA15ABD52ACFD0E4009E87F3 /* FirebaseFunctions */,
				FA15ABD72ACFD0E4009E87F3 /* FirebaseFunctionsCombine-Community */,
				FA15ABD92ACFD0E4009E87F3 /* FirebaseInAppMessaging-Beta */,
				FA15ABDB2ACFD0E4009E87F3 /* FirebaseInAppMessagingSwift-Beta */,
				FA15ABDD2ACFD0E4009E87F3 /* FirebaseInstallations */,
				FA15ABDF2ACFD0E4009E87F3 /* FirebaseMLModelDownloader */,
				FA15ABE12ACFD0E4009E87F3 /* FirebaseMessaging */,
				FA15ABE32ACFD0E4009E87F3 /* FirebasePerformance */,
				FA15ABE52ACFD0E4009E87F3 /* FirebaseRemoteConfig */,
				FA15ABE72ACFD0E4009E87F3 /* FirebaseRemoteConfigSwift */,
				FA15ABE92ACFD0E4009E87F3 /* FirebaseStorage */,
				FA15ABEB2ACFD0E4009E87F3 /* FirebaseStorageCombine-Community */,
				FAAA48F22AD0009F00A13AF1 /* FirebaseAnalytics */,
				FAAA48F42AD0009F00A13AF1 /* FirebaseAnalyticsOnDeviceConversion */,
				FAAA48F62AD0009F00A13AF1 /* FirebaseAnalyticsSwift */,
				FAAA48F82AD0009F00A13AF1 /* FirebaseAnalyticsWithoutAdIdSupport */,
				FAAA48FA2AD0009F00A13AF1 /* FirebaseAppCheck */,
				FAAA48FC2AD0009F00A13AF1 /* FirebaseAppDistribution-Beta */,
				FAAA48FE2AD0009F00A13AF1 /* FirebaseAuth */,
				FAAA49002AD0009F00A13AF1 /* FirebaseAuthCombine-Community */,
				FAAA49022AD0009F00A13AF1 /* FirebaseCrashlytics */,
				FAAA49042AD0009F00A13AF1 /* FirebaseDatabase */,
				FAAA49062AD0009F00A13AF1 /* FirebaseDatabaseSwift */,
				FAAA49082AD0009F00A13AF1 /* FirebaseDynamicLinks */,
				FAAA490A2AD0009F00A13AF1 /* FirebaseFirestore */,
				FAAA490C2AD0009F00A13AF1 /* FirebaseFirestoreCombine-Community */,
				FAAA490E2AD0009F00A13AF1 /* FirebaseFirestoreSwift */,
				FAAA49102AD0009F00A13AF1 /* FirebaseFunctions */,
				FAAA49122AD0009F00A13AF1 /* FirebaseFunctionsCombine-Community */,
				FAAA49142AD0009F00A13AF1 /* FirebaseInAppMessaging-Beta */,
				FAAA49162AD0009F00A13AF1 /* FirebaseInAppMessagingSwift-Beta */,
				FAAA49182AD0009F00A13AF1 /* FirebaseInstallations */,
				FAAA491A2AD0009F00A13AF1 /* FirebaseMLModelDownloader */,
				FAAA491C2AD0009F00A13AF1 /* FirebaseMessaging */,
				FAAA491E2AD0009F00A13AF1 /* FirebasePerformance */,
				FAAA49202AD0009F00A13AF1 /* FirebaseRemoteConfig */,
				FAAA49222AD0009F00A13AF1 /* FirebaseRemoteConfigSwift */,
				FAAA49242AD0009F00A13AF1 /* FirebaseStorage */,
				FAAA49262AD0009F00A13AF1 /* FirebaseStorageCombine-Community */,
			);
			productName = Vwitter;
			productReference = FA15AB832ACE6E70009E87F3 /* Vwitter.app */;
			productType = "com.apple.product-type.application";
		};
/* End PBXNativeTarget section */

/* Begin PBXProject section */
		FA15AB7B2ACE6E70009E87F3 /* Project object */ = {
			isa = PBXProject;
			attributes = {
				BuildIndependentTargetsInParallel = 1;
				LastSwiftUpdateCheck = 1500;
				LastUpgradeCheck = 1500;
				TargetAttributes = {
					FA15AB822ACE6E70009E87F3 = {
						CreatedOnToolsVersion = 15.0;
					};
				};
			};
			buildConfigurationList = FA15AB7E2ACE6E70009E87F3 /* Build configuration list for PBXProject "Vwitter" */;
			compatibilityVersion = "Xcode 14.0";
			developmentRegion = en;
			hasScannedForEncodings = 0;
			knownRegions = (
				en,
				Base,
			);
			mainGroup = FA15AB7A2ACE6E70009E87F3;
			packageReferences = (
				FA15ABB62ACFD0E4009E87F3 /* XCRemoteSwiftPackageReference "firebase-ios-sdk" */,
			);
			productRefGroup = FA15AB842ACE6E70009E87F3 /* Products */;
			projectDirPath = "";
			projectRoot = "";
			targets = (
				FA15AB822ACE6E70009E87F3 /* Vwitter */,
			);
		};
/* End PBXProject section */

/* Begin PBXResourcesBuildPhase section */
		FA15AB812ACE6E70009E87F3 /* Resources */ = {
			isa = PBXResourcesBuildPhase;
			buildActionMask = 2147483647;
			files = (
				FA15AB932ACE6E71009E87F3 /* LaunchScreen.storyboard in Resources */,
				FA7E45E02AD523C30007747F /* GoogleService-Info.plist in Resources */,
				FA15AB902ACE6E71009E87F3 /* Assets.xcassets in Resources */,
				FA15AB8E2ACE6E70009E87F3 /* Main.storyboard in Resources */,
			);
			runOnlyForDeploymentPostprocessing = 0;
		};
/* End PBXResourcesBuildPhase section */

/* Begin PBXSourcesBuildPhase section */
		FA15AB7F2ACE6E70009E87F3 /* Sources */ = {
			isa = PBXSourcesBuildPhase;
			buildActionMask = 2147483647;
			files = (
				FA15ABA72ACE7291009E87F3 /* NotificationController.swift in Sources */,
				FA15AB872ACE6E70009E87F3 /* AppDelegate.swift in Sources */,
				FA15ABB32ACE98BA009E87F3 /* Utilities.swift in Sources */,
				FA15ABA52ACE727F009E87F3 /* ExploreController.swift in Sources */,
				FA15ABAB2ACE8282009E87F3 /* Extensions.swift in Sources */,
				FA15ABAE2ACE8AF7009E87F3 /* LoginController.swift in Sources */,
				FA7E45E22AD5253A0007747F /* AuthService.swift in Sources */,
				FA15AB892ACE6E70009E87F3 /* SceneDelegate.swift in Sources */,
				FA15ABA12ACE6F74009E87F3 /* MainTabController.swift in Sources */,
				FA15ABA92ACE72A3009E87F3 /* ConversationController.swift in Sources */,
				FA15ABB12ACE8B61009E87F3 /* RegistrationController.swift in Sources */,
				FA15ABA32ACE7229009E87F3 /* FeedController.swift in Sources */,
				FAAA48F12ACFFCA200A13AF1 /* Constants.swift in Sources */,
			);
			runOnlyForDeploymentPostprocessing = 0;
		};
/* End PBXSourcesBuildPhase section */

/* Begin PBXVariantGroup section */
		FA15AB8C2ACE6E70009E87F3 /* Main.storyboard */ = {
			isa = PBXVariantGroup;
			children = (
				FA15AB8D2ACE6E70009E87F3 /* Base */,
			);
			name = Main.storyboard;
			sourceTree = "<group>";
		};
		FA15AB912ACE6E71009E87F3 /* LaunchScreen.storyboard */ = {
			isa = PBXVariantGroup;
			children = (
				FA15AB922ACE6E71009E87F3 /* Base */,
			);
			name = LaunchScreen.storyboard;
			sourceTree = "<group>";
		};
/* End PBXVariantGroup section */

/* Begin XCBuildConfiguration section */
		FA15AB952ACE6E71009E87F3 /* Debug */ = {
			isa = XCBuildConfiguration;
			buildSettings = {
				ALWAYS_SEARCH_USER_PATHS = NO;
				ASSETCATALOG_COMPILER_GENERATE_SWIFT_ASSET_SYMBOL_EXTENSIONS = YES;
				CLANG_ANALYZER_NONNULL = YES;
				CLANG_ANALYZER_NUMBER_OBJECT_CONVERSION = YES_AGGRESSIVE;
				CLANG_CXX_LANGUAGE_STANDARD = "gnu++20";
				CLANG_ENABLE_MODULES = YES;
				CLANG_ENABLE_OBJC_ARC = YES;
				CLANG_ENABLE_OBJC_WEAK = YES;
				CLANG_WARN_BLOCK_CAPTURE_AUTORELEASING = YES;
				CLANG_WARN_BOOL_CONVERSION = YES;
				CLANG_WARN_COMMA = YES;
				CLANG_WARN_CONSTANT_CONVERSION = YES;
				CLANG_WARN_DEPRECATED_OBJC_IMPLEMENTATIONS = YES;
				CLANG_WARN_DIRECT_OBJC_ISA_USAGE = YES_ERROR;
				CLANG_WARN_DOCUMENTATION_COMMENTS = YES;
				CLANG_WARN_EMPTY_BODY = YES;
				CLANG_WARN_ENUM_CONVERSION = YES;
				CLANG_WARN_INFINITE_RECURSION = YES;
				CLANG_WARN_INT_CONVERSION = YES;
				CLANG_WARN_NON_LITERAL_NULL_CONVERSION = YES;
				CLANG_WARN_OBJC_IMPLICIT_RETAIN_SELF = YES;
				CLANG_WARN_OBJC_LITERAL_CONVERSION = YES;
				CLANG_WARN_OBJC_ROOT_CLASS = YES_ERROR;
				CLANG_WARN_QUOTED_INCLUDE_IN_FRAMEWORK_HEADER = YES;
				CLANG_WARN_RANGE_LOOP_ANALYSIS = YES;
				CLANG_WARN_STRICT_PROTOTYPES = YES;
				CLANG_WARN_SUSPICIOUS_MOVE = YES;
				CLANG_WARN_UNGUARDED_AVAILABILITY = YES_AGGRESSIVE;
				CLANG_WARN_UNREACHABLE_CODE = YES;
				CLANG_WARN__DUPLICATE_METHOD_MATCH = YES;
				COPY_PHASE_STRIP = NO;
				DEBUG_INFORMATION_FORMAT = dwarf;
				ENABLE_STRICT_OBJC_MSGSEND = YES;
				ENABLE_TESTABILITY = YES;
				ENABLE_USER_SCRIPT_SANDBOXING = YES;
				GCC_C_LANGUAGE_STANDARD = gnu17;
				GCC_DYNAMIC_NO_PIC = NO;
				GCC_NO_COMMON_BLOCKS = YES;
				GCC_OPTIMIZATION_LEVEL = 0;
				GCC_PREPROCESSOR_DEFINITIONS = (
					"DEBUG=1",
					"$(inherited)",
				);
				GCC_WARN_64_TO_32_BIT_CONVERSION = YES;
				GCC_WARN_ABOUT_RETURN_TYPE = YES_ERROR;
				GCC_WARN_UNDECLARED_SELECTOR = YES;
				GCC_WARN_UNINITIALIZED_AUTOS = YES_AGGRESSIVE;
				GCC_WARN_UNUSED_FUNCTION = YES;
				GCC_WARN_UNUSED_VARIABLE = YES;
				IPHONEOS_DEPLOYMENT_TARGET = 17.0;
				LOCALIZATION_PREFERS_STRING_CATALOGS = YES;
				MTL_ENABLE_DEBUG_INFO = INCLUDE_SOURCE;
				MTL_FAST_MATH = YES;
				ONLY_ACTIVE_ARCH = YES;
				SDKROOT = iphoneos;
				SWIFT_ACTIVE_COMPILATION_CONDITIONS = "DEBUG $(inherited)";
				SWIFT_OPTIMIZATION_LEVEL = "-Onone";
			};
			name = Debug;
		};
		FA15AB962ACE6E71009E87F3 /* Release */ = {
			isa = XCBuildConfiguration;
			buildSettings = {
				ALWAYS_SEARCH_USER_PATHS = NO;
				ASSETCATALOG_COMPILER_GENERATE_SWIFT_ASSET_SYMBOL_EXTENSIONS = YES;
				CLANG_ANALYZER_NONNULL = YES;
				CLANG_ANALYZER_NUMBER_OBJECT_CONVERSION = YES_AGGRESSIVE;
				CLANG_CXX_LANGUAGE_STANDARD = "gnu++20";
				CLANG_ENABLE_MODULES = YES;
				CLANG_ENABLE_OBJC_ARC = YES;
				CLANG_ENABLE_OBJC_WEAK = YES;
				CLANG_WARN_BLOCK_CAPTURE_AUTORELEASING = YES;
				CLANG_WARN_BOOL_CONVERSION = YES;
				CLANG_WARN_COMMA = YES;
				CLANG_WARN_CONSTANT_CONVERSION = YES;
				CLANG_WARN_DEPRECATED_OBJC_IMPLEMENTATIONS = YES;
				CLANG_WARN_DIRECT_OBJC_ISA_USAGE = YES_ERROR;
				CLANG_WARN_DOCUMENTATION_COMMENTS = YES;
				CLANG_WARN_EMPTY_BODY = YES;
				CLANG_WARN_ENUM_CONVERSION = YES;
				CLANG_WARN_INFINITE_RECURSION = YES;
				CLANG_WARN_INT_CONVERSION = YES;
				CLANG_WARN_NON_LITERAL_NULL_CONVERSION = YES;
				CLANG_WARN_OBJC_IMPLICIT_RETAIN_SELF = YES;
				CLANG_WARN_OBJC_LITERAL_CONVERSION = YES;
				CLANG_WARN_OBJC_ROOT_CLASS = YES_ERROR;
				CLANG_WARN_QUOTED_INCLUDE_IN_FRAMEWORK_HEADER = YES;
				CLANG_WARN_RANGE_LOOP_ANALYSIS = YES;
				CLANG_WARN_STRICT_PROTOTYPES = YES;
				CLANG_WARN_SUSPICIOUS_MOVE = YES;
				CLANG_WARN_UNGUARDED_AVAILABILITY = YES_AGGRESSIVE;
				CLANG_WARN_UNREACHABLE_CODE = YES;
				CLANG_WARN__DUPLICATE_METHOD_MATCH = YES;
				COPY_PHASE_STRIP = NO;
				DEBUG_INFORMATION_FORMAT = "dwarf-with-dsym";
				ENABLE_NS_ASSERTIONS = NO;
				ENABLE_STRICT_OBJC_MSGSEND = YES;
				ENABLE_USER_SCRIPT_SANDBOXING = YES;
				GCC_C_LANGUAGE_STANDARD = gnu17;
				GCC_NO_COMMON_BLOCKS = YES;
				GCC_WARN_64_TO_32_BIT_CONVERSION = YES;
				GCC_WARN_ABOUT_RETURN_TYPE = YES_ERROR;
				GCC_WARN_UNDECLARED_SELECTOR = YES;
				GCC_WARN_UNINITIALIZED_AUTOS = YES_AGGRESSIVE;
				GCC_WARN_UNUSED_FUNCTION = YES;
				GCC_WARN_UNUSED_VARIABLE = YES;
				IPHONEOS_DEPLOYMENT_TARGET = 17.0;
				LOCALIZATION_PREFERS_STRING_CATALOGS = YES;
				MTL_ENABLE_DEBUG_INFO = NO;
				MTL_FAST_MATH = YES;
				SDKROOT = iphoneos;
				SWIFT_COMPILATION_MODE = wholemodule;
				VALIDATE_PRODUCT = YES;
			};
			name = Release;
		};
		FA15AB982ACE6E71009E87F3 /* Debug */ = {
			isa = XCBuildConfiguration;
			buildSettings = {
				ASSETCATALOG_COMPILER_APPICON_NAME = AppIcon;
				ASSETCATALOG_COMPILER_GLOBAL_ACCENT_COLOR_NAME = AccentColor;
				CODE_SIGN_STYLE = Automatic;
				CURRENT_PROJECT_VERSION = 1;
				DEVELOPMENT_TEAM = JJS82CC46U;
				GENERATE_INFOPLIST_FILE = YES;
				INFOPLIST_FILE = Vwitter/Info.plist;
				INFOPLIST_KEY_UIApplicationSupportsIndirectInputEvents = YES;
				INFOPLIST_KEY_UILaunchStoryboardName = LaunchScreen;
				INFOPLIST_KEY_UIMainStoryboardFile = Main;
				INFOPLIST_KEY_UISupportedInterfaceOrientations_iPad = "UIInterfaceOrientationPortrait UIInterfaceOrientationPortraitUpsideDown UIInterfaceOrientationLandscapeLeft UIInterfaceOrientationLandscapeRight";
				INFOPLIST_KEY_UISupportedInterfaceOrientations_iPhone = "UIInterfaceOrientationPortrait UIInterfaceOrientationLandscapeLeft UIInterfaceOrientationLandscapeRight";
				LD_RUNPATH_SEARCH_PATHS = (
					"$(inherited)",
					"@executable_path/Frameworks",
				);
				MARKETING_VERSION = 1.0;
				PRODUCT_BUNDLE_IDENTIFIER = com.misung.Vwitter;
				PRODUCT_NAME = "$(TARGET_NAME)";
				SWIFT_EMIT_LOC_STRINGS = YES;
				SWIFT_VERSION = 5.0;
				TARGETED_DEVICE_FAMILY = "1,2";
			};
			name = Debug;
		};
		FA15AB992ACE6E71009E87F3 /* Release */ = {
			isa = XCBuildConfiguration;
			buildSettings = {
				ASSETCATALOG_COMPILER_APPICON_NAME = AppIcon;
				ASSETCATALOG_COMPILER_GLOBAL_ACCENT_COLOR_NAME = AccentColor;
				CODE_SIGN_STYLE = Automatic;
				CURRENT_PROJECT_VERSION = 1;
				DEVELOPMENT_TEAM = JJS82CC46U;
				GENERATE_INFOPLIST_FILE = YES;
				INFOPLIST_FILE = Vwitter/Info.plist;
				INFOPLIST_KEY_UIApplicationSupportsIndirectInputEvents = YES;
				INFOPLIST_KEY_UILaunchStoryboardName = LaunchScreen;
				INFOPLIST_KEY_UIMainStoryboardFile = Main;
				INFOPLIST_KEY_UISupportedInterfaceOrientations_iPad = "UIInterfaceOrientationPortrait UIInterfaceOrientationPortraitUpsideDown UIInterfaceOrientationLandscapeLeft UIInterfaceOrientationLandscapeRight";
				INFOPLIST_KEY_UISupportedInterfaceOrientations_iPhone = "UIInterfaceOrientationPortrait UIInterfaceOrientationLandscapeLeft UIInterfaceOrientationLandscapeRight";
				LD_RUNPATH_SEARCH_PATHS = (
					"$(inherited)",
					"@executable_path/Frameworks",
				);
				MARKETING_VERSION = 1.0;
				PRODUCT_BUNDLE_IDENTIFIER = com.misung.Vwitter;
				PRODUCT_NAME = "$(TARGET_NAME)";
				SWIFT_EMIT_LOC_STRINGS = YES;
				SWIFT_VERSION = 5.0;
				TARGETED_DEVICE_FAMILY = "1,2";
			};
			name = Release;
		};
/* End XCBuildConfiguration section */

/* Begin XCConfigurationList section */
		FA15AB7E2ACE6E70009E87F3 /* Build configuration list for PBXProject "Vwitter" */ = {
			isa = XCConfigurationList;
			buildConfigurations = (
				FA15AB952ACE6E71009E87F3 /* Debug */,
				FA15AB962ACE6E71009E87F3 /* Release */,
			);
			defaultConfigurationIsVisible = 0;
			defaultConfigurationName = Release;
		};
		FA15AB972ACE6E71009E87F3 /* Build configuration list for PBXNativeTarget "Vwitter" */ = {
			isa = XCConfigurationList;
			buildConfigurations = (
				FA15AB982ACE6E71009E87F3 /* Debug */,
				FA15AB992ACE6E71009E87F3 /* Release */,
			);
			defaultConfigurationIsVisible = 0;
			defaultConfigurationName = Release;
		};
/* End XCConfigurationList section */

/* Begin XCRemoteSwiftPackageReference section */
		FA15ABB62ACFD0E4009E87F3 /* XCRemoteSwiftPackageReference "firebase-ios-sdk" */ = {
			isa = XCRemoteSwiftPackageReference;
			repositoryURL = "https://github.com/firebase/firebase-ios-sdk";
			requirement = {
				kind = upToNextMajorVersion;
				minimumVersion = 10.16.0;
			};
		};
/* End XCRemoteSwiftPackageReference section */

/* Begin XCSwiftPackageProductDependency section */
		FA15ABB72ACFD0E4009E87F3 /* FirebaseAnalytics */ = {
			isa = XCSwiftPackageProductDependency;
			package = FA15ABB62ACFD0E4009E87F3 /* XCRemoteSwiftPackageReference "firebase-ios-sdk" */;
			productName = FirebaseAnalytics;
		};
		FA15ABB92ACFD0E4009E87F3 /* FirebaseAnalyticsOnDeviceConversion */ = {
			isa = XCSwiftPackageProductDependency;
			package = FA15ABB62ACFD0E4009E87F3 /* XCRemoteSwiftPackageReference "firebase-ios-sdk" */;
			productName = FirebaseAnalyticsOnDeviceConversion;
		};
		FA15ABBB2ACFD0E4009E87F3 /* FirebaseAnalyticsSwift */ = {
			isa = XCSwiftPackageProductDependency;
			package = FA15ABB62ACFD0E4009E87F3 /* XCRemoteSwiftPackageReference "firebase-ios-sdk" */;
			productName = FirebaseAnalyticsSwift;
		};
		FA15ABBD2ACFD0E4009E87F3 /* FirebaseAnalyticsWithoutAdIdSupport */ = {
			isa = XCSwiftPackageProductDependency;
			package = FA15ABB62ACFD0E4009E87F3 /* XCRemoteSwiftPackageReference "firebase-ios-sdk" */;
			productName = FirebaseAnalyticsWithoutAdIdSupport;
		};
		FA15ABBF2ACFD0E4009E87F3 /* FirebaseAppCheck */ = {
			isa = XCSwiftPackageProductDependency;
			package = FA15ABB62ACFD0E4009E87F3 /* XCRemoteSwiftPackageReference "firebase-ios-sdk" */;
			productName = FirebaseAppCheck;
		};
		FA15ABC12ACFD0E4009E87F3 /* FirebaseAppDistribution-Beta */ = {
			isa = XCSwiftPackageProductDependency;
			package = FA15ABB62ACFD0E4009E87F3 /* XCRemoteSwiftPackageReference "firebase-ios-sdk" */;
			productName = "FirebaseAppDistribution-Beta";
		};
		FA15ABC32ACFD0E4009E87F3 /* FirebaseAuth */ = {
			isa = XCSwiftPackageProductDependency;
			package = FA15ABB62ACFD0E4009E87F3 /* XCRemoteSwiftPackageReference "firebase-ios-sdk" */;
			productName = FirebaseAuth;
		};
		FA15ABC52ACFD0E4009E87F3 /* FirebaseAuthCombine-Community */ = {
			isa = XCSwiftPackageProductDependency;
			package = FA15ABB62ACFD0E4009E87F3 /* XCRemoteSwiftPackageReference "firebase-ios-sdk" */;
			productName = "FirebaseAuthCombine-Community";
		};
		FA15ABC72ACFD0E4009E87F3 /* FirebaseCrashlytics */ = {
			isa = XCSwiftPackageProductDependency;
			package = FA15ABB62ACFD0E4009E87F3 /* XCRemoteSwiftPackageReference "firebase-ios-sdk" */;
			productName = FirebaseCrashlytics;
		};
		FA15ABC92ACFD0E4009E87F3 /* FirebaseDatabase */ = {
			isa = XCSwiftPackageProductDependency;
			package = FA15ABB62ACFD0E4009E87F3 /* XCRemoteSwiftPackageReference "firebase-ios-sdk" */;
			productName = FirebaseDatabase;
		};
		FA15ABCB2ACFD0E4009E87F3 /* FirebaseDatabaseSwift */ = {
			isa = XCSwiftPackageProductDependency;
			package = FA15ABB62ACFD0E4009E87F3 /* XCRemoteSwiftPackageReference "firebase-ios-sdk" */;
			productName = FirebaseDatabaseSwift;
		};
		FA15ABCD2ACFD0E4009E87F3 /* FirebaseDynamicLinks */ = {
			isa = XCSwiftPackageProductDependency;
			package = FA15ABB62ACFD0E4009E87F3 /* XCRemoteSwiftPackageReference "firebase-ios-sdk" */;
			productName = FirebaseDynamicLinks;
		};
		FA15ABCF2ACFD0E4009E87F3 /* FirebaseFirestore */ = {
			isa = XCSwiftPackageProductDependency;
			package = FA15ABB62ACFD0E4009E87F3 /* XCRemoteSwiftPackageReference "firebase-ios-sdk" */;
			productName = FirebaseFirestore;
		};
		FA15ABD12ACFD0E4009E87F3 /* FirebaseFirestoreCombine-Community */ = {
			isa = XCSwiftPackageProductDependency;
			package = FA15ABB62ACFD0E4009E87F3 /* XCRemoteSwiftPackageReference "firebase-ios-sdk" */;
			productName = "FirebaseFirestoreCombine-Community";
		};
		FA15ABD32ACFD0E4009E87F3 /* FirebaseFirestoreSwift */ = {
			isa = XCSwiftPackageProductDependency;
			package = FA15ABB62ACFD0E4009E87F3 /* XCRemoteSwiftPackageReference "firebase-ios-sdk" */;
			productName = FirebaseFirestoreSwift;
		};
		FA15ABD52ACFD0E4009E87F3 /* FirebaseFunctions */ = {
			isa = XCSwiftPackageProductDependency;
			package = FA15ABB62ACFD0E4009E87F3 /* XCRemoteSwiftPackageReference "firebase-ios-sdk" */;
			productName = FirebaseFunctions;
		};
		FA15ABD72ACFD0E4009E87F3 /* FirebaseFunctionsCombine-Community */ = {
			isa = XCSwiftPackageProductDependency;
			package = FA15ABB62ACFD0E4009E87F3 /* XCRemoteSwiftPackageReference "firebase-ios-sdk" */;
			productName = "FirebaseFunctionsCombine-Community";
		};
		FA15ABD92ACFD0E4009E87F3 /* FirebaseInAppMessaging-Beta */ = {
			isa = XCSwiftPackageProductDependency;
			package = FA15ABB62ACFD0E4009E87F3 /* XCRemoteSwiftPackageReference "firebase-ios-sdk" */;
			productName = "FirebaseInAppMessaging-Beta";
		};
		FA15ABDB2ACFD0E4009E87F3 /* FirebaseInAppMessagingSwift-Beta */ = {
			isa = XCSwiftPackageProductDependency;
			package = FA15ABB62ACFD0E4009E87F3 /* XCRemoteSwiftPackageReference "firebase-ios-sdk" */;
			productName = "FirebaseInAppMessagingSwift-Beta";
		};
		FA15ABDD2ACFD0E4009E87F3 /* FirebaseInstallations */ = {
			isa = XCSwiftPackageProductDependency;
			package = FA15ABB62ACFD0E4009E87F3 /* XCRemoteSwiftPackageReference "firebase-ios-sdk" */;
			productName = FirebaseInstallations;
		};
		FA15ABDF2ACFD0E4009E87F3 /* FirebaseMLModelDownloader */ = {
			isa = XCSwiftPackageProductDependency;
			package = FA15ABB62ACFD0E4009E87F3 /* XCRemoteSwiftPackageReference "firebase-ios-sdk" */;
			productName = FirebaseMLModelDownloader;
		};
		FA15ABE12ACFD0E4009E87F3 /* FirebaseMessaging */ = {
			isa = XCSwiftPackageProductDependency;
			package = FA15ABB62ACFD0E4009E87F3 /* XCRemoteSwiftPackageReference "firebase-ios-sdk" */;
			productName = FirebaseMessaging;
		};
		FA15ABE32ACFD0E4009E87F3 /* FirebasePerformance */ = {
			isa = XCSwiftPackageProductDependency;
			package = FA15ABB62ACFD0E4009E87F3 /* XCRemoteSwiftPackageReference "firebase-ios-sdk" */;
			productName = FirebasePerformance;
		};
		FA15ABE52ACFD0E4009E87F3 /* FirebaseRemoteConfig */ = {
			isa = XCSwiftPackageProductDependency;
			package = FA15ABB62ACFD0E4009E87F3 /* XCRemoteSwiftPackageReference "firebase-ios-sdk" */;
			productName = FirebaseRemoteConfig;
		};
		FA15ABE72ACFD0E4009E87F3 /* FirebaseRemoteConfigSwift */ = {
			isa = XCSwiftPackageProductDependency;
			package = FA15ABB62ACFD0E4009E87F3 /* XCRemoteSwiftPackageReference "firebase-ios-sdk" */;
			productName = FirebaseRemoteConfigSwift;
		};
		FA15ABE92ACFD0E4009E87F3 /* FirebaseStorage */ = {
			isa = XCSwiftPackageProductDependency;
			package = FA15ABB62ACFD0E4009E87F3 /* XCRemoteSwiftPackageReference "firebase-ios-sdk" */;
			productName = FirebaseStorage;
		};
		FA15ABEB2ACFD0E4009E87F3 /* FirebaseStorageCombine-Community */ = {
			isa = XCSwiftPackageProductDependency;
			package = FA15ABB62ACFD0E4009E87F3 /* XCRemoteSwiftPackageReference "firebase-ios-sdk" */;
			productName = "FirebaseStorageCombine-Community";
		};
		FAAA48F22AD0009F00A13AF1 /* FirebaseAnalytics */ = {
			isa = XCSwiftPackageProductDependency;
			package = FA15ABB62ACFD0E4009E87F3 /* XCRemoteSwiftPackageReference "firebase-ios-sdk" */;
			productName = FirebaseAnalytics;
		};
		FAAA48F42AD0009F00A13AF1 /* FirebaseAnalyticsOnDeviceConversion */ = {
			isa = XCSwiftPackageProductDependency;
			package = FA15ABB62ACFD0E4009E87F3 /* XCRemoteSwiftPackageReference "firebase-ios-sdk" */;
			productName = FirebaseAnalyticsOnDeviceConversion;
		};
		FAAA48F62AD0009F00A13AF1 /* FirebaseAnalyticsSwift */ = {
			isa = XCSwiftPackageProductDependency;
			package = FA15ABB62ACFD0E4009E87F3 /* XCRemoteSwiftPackageReference "firebase-ios-sdk" */;
			productName = FirebaseAnalyticsSwift;
		};
		FAAA48F82AD0009F00A13AF1 /* FirebaseAnalyticsWithoutAdIdSupport */ = {
			isa = XCSwiftPackageProductDependency;
			package = FA15ABB62ACFD0E4009E87F3 /* XCRemoteSwiftPackageReference "firebase-ios-sdk" */;
			productName = FirebaseAnalyticsWithoutAdIdSupport;
		};
		FAAA48FA2AD0009F00A13AF1 /* FirebaseAppCheck */ = {
			isa = XCSwiftPackageProductDependency;
			package = FA15ABB62ACFD0E4009E87F3 /* XCRemoteSwiftPackageReference "firebase-ios-sdk" */;
			productName = FirebaseAppCheck;
		};
		FAAA48FC2AD0009F00A13AF1 /* FirebaseAppDistribution-Beta */ = {
			isa = XCSwiftPackageProductDependency;
			package = FA15ABB62ACFD0E4009E87F3 /* XCRemoteSwiftPackageReference "firebase-ios-sdk" */;
			productName = "FirebaseAppDistribution-Beta";
		};
		FAAA48FE2AD0009F00A13AF1 /* FirebaseAuth */ = {
			isa = XCSwiftPackageProductDependency;
			package = FA15ABB62ACFD0E4009E87F3 /* XCRemoteSwiftPackageReference "firebase-ios-sdk" */;
			productName = FirebaseAuth;
		};
		FAAA49002AD0009F00A13AF1 /* FirebaseAuthCombine-Community */ = {
			isa = XCSwiftPackageProductDependency;
			package = FA15ABB62ACFD0E4009E87F3 /* XCRemoteSwiftPackageReference "firebase-ios-sdk" */;
			productName = "FirebaseAuthCombine-Community";
		};
		FAAA49022AD0009F00A13AF1 /* FirebaseCrashlytics */ = {
			isa = XCSwiftPackageProductDependency;
			package = FA15ABB62ACFD0E4009E87F3 /* XCRemoteSwiftPackageReference "firebase-ios-sdk" */;
			productName = FirebaseCrashlytics;
		};
		FAAA49042AD0009F00A13AF1 /* FirebaseDatabase */ = {
			isa = XCSwiftPackageProductDependency;
			package = FA15ABB62ACFD0E4009E87F3 /* XCRemoteSwiftPackageReference "firebase-ios-sdk" */;
			productName = FirebaseDatabase;
		};
		FAAA49062AD0009F00A13AF1 /* FirebaseDatabaseSwift */ = {
			isa = XCSwiftPackageProductDependency;
			package = FA15ABB62ACFD0E4009E87F3 /* XCRemoteSwiftPackageReference "firebase-ios-sdk" */;
			productName = FirebaseDatabaseSwift;
		};
		FAAA49082AD0009F00A13AF1 /* FirebaseDynamicLinks */ = {
			isa = XCSwiftPackageProductDependency;
			package = FA15ABB62ACFD0E4009E87F3 /* XCRemoteSwiftPackageReference "firebase-ios-sdk" */;
			productName = FirebaseDynamicLinks;
		};
		FAAA490A2AD0009F00A13AF1 /* FirebaseFirestore */ = {
			isa = XCSwiftPackageProductDependency;
			package = FA15ABB62ACFD0E4009E87F3 /* XCRemoteSwiftPackageReference "firebase-ios-sdk" */;
			productName = FirebaseFirestore;
		};
		FAAA490C2AD0009F00A13AF1 /* FirebaseFirestoreCombine-Community */ = {
			isa = XCSwiftPackageProductDependency;
			package = FA15ABB62ACFD0E4009E87F3 /* XCRemoteSwiftPackageReference "firebase-ios-sdk" */;
			productName = "FirebaseFirestoreCombine-Community";
		};
		FAAA490E2AD0009F00A13AF1 /* FirebaseFirestoreSwift */ = {
			isa = XCSwiftPackageProductDependency;
			package = FA15ABB62ACFD0E4009E87F3 /* XCRemoteSwiftPackageReference "firebase-ios-sdk" */;
			productName = FirebaseFirestoreSwift;
		};
		FAAA49102AD0009F00A13AF1 /* FirebaseFunctions */ = {
			isa = XCSwiftPackageProductDependency;
			package = FA15ABB62ACFD0E4009E87F3 /* XCRemoteSwiftPackageReference "firebase-ios-sdk" */;
			productName = FirebaseFunctions;
		};
		FAAA49122AD0009F00A13AF1 /* FirebaseFunctionsCombine-Community */ = {
			isa = XCSwiftPackageProductDependency;
			package = FA15ABB62ACFD0E4009E87F3 /* XCRemoteSwiftPackageReference "firebase-ios-sdk" */;
			productName = "FirebaseFunctionsCombine-Community";
		};
		FAAA49142AD0009F00A13AF1 /* FirebaseInAppMessaging-Beta */ = {
			isa = XCSwiftPackageProductDependency;
			package = FA15ABB62ACFD0E4009E87F3 /* XCRemoteSwiftPackageReference "firebase-ios-sdk" */;
			productName = "FirebaseInAppMessaging-Beta";
		};
		FAAA49162AD0009F00A13AF1 /* FirebaseInAppMessagingSwift-Beta */ = {
			isa = XCSwiftPackageProductDependency;
			package = FA15ABB62ACFD0E4009E87F3 /* XCRemoteSwiftPackageReference "firebase-ios-sdk" */;
			productName = "FirebaseInAppMessagingSwift-Beta";
		};
		FAAA49182AD0009F00A13AF1 /* FirebaseInstallations */ = {
			isa = XCSwiftPackageProductDependency;
			package = FA15ABB62ACFD0E4009E87F3 /* XCRemoteSwiftPackageReference "firebase-ios-sdk" */;
			productName = FirebaseInstallations;
		};
		FAAA491A2AD0009F00A13AF1 /* FirebaseMLModelDownloader */ = {
			isa = XCSwiftPackageProductDependency;
			package = FA15ABB62ACFD0E4009E87F3 /* XCRemoteSwiftPackageReference "firebase-ios-sdk" */;
			productName = FirebaseMLModelDownloader;
		};
		FAAA491C2AD0009F00A13AF1 /* FirebaseMessaging */ = {
			isa = XCSwiftPackageProductDependency;
			package = FA15ABB62ACFD0E4009E87F3 /* XCRemoteSwiftPackageReference "firebase-ios-sdk" */;
			productName = FirebaseMessaging;
		};
		FAAA491E2AD0009F00A13AF1 /* FirebasePerformance */ = {
			isa = XCSwiftPackageProductDependency;
			package = FA15ABB62ACFD0E4009E87F3 /* XCRemoteSwiftPackageReference "firebase-ios-sdk" */;
			productName = FirebasePerformance;
		};
		FAAA49202AD0009F00A13AF1 /* FirebaseRemoteConfig */ = {
			isa = XCSwiftPackageProductDependency;
			package = FA15ABB62ACFD0E4009E87F3 /* XCRemoteSwiftPackageReference "firebase-ios-sdk" */;
			productName = FirebaseRemoteConfig;
		};
		FAAA49222AD0009F00A13AF1 /* FirebaseRemoteConfigSwift */ = {
			isa = XCSwiftPackageProductDependency;
			package = FA15ABB62ACFD0E4009E87F3 /* XCRemoteSwiftPackageReference "firebase-ios-sdk" */;
			productName = FirebaseRemoteConfigSwift;
		};
		FAAA49242AD0009F00A13AF1 /* FirebaseStorage */ = {
			isa = XCSwiftPackageProductDependency;
			package = FA15ABB62ACFD0E4009E87F3 /* XCRemoteSwiftPackageReference "firebase-ios-sdk" */;
			productName = FirebaseStorage;
		};
		FAAA49262AD0009F00A13AF1 /* FirebaseStorageCombine-Community */ = {
			isa = XCSwiftPackageProductDependency;
			package = FA15ABB62ACFD0E4009E87F3 /* XCRemoteSwiftPackageReference "firebase-ios-sdk" */;
			productName = "FirebaseStorageCombine-Community";
		};
/* End XCSwiftPackageProductDependency section */
	};
	rootObject = FA15AB7B2ACE6E70009E87F3 /* Project object */;
}
